 
Microsoft Visual Studio Solution File, Format Version 12.00
Project("{FAE04EC0-301F-11D3-BF4B-00C04F79EFBC}") = "LibraryApp.Api", "Backend/LibraryApp.Api/LibraryApp.Api.csproj", "{09BAEF97-D4AA-4666-A16B-B0154C7855B2}"
EndProject
Project("{FAE04EC0-301F-11D3-BF4B-00C04F79EFBC}") = "LibraryApp.Domain", "Backend/LibraryApp.Domain/LibraryApp.Domain.csproj", "{8E75A818-FA4B-4425-BDE0-45DAA4EADC48}"
EndProject
Global
	GlobalSection(SolutionConfigurationPlatforms) = preSolution
		Debug|Any CPU = Debug|Any CPU
		Release|Any CPU = Release|Any CPU
	EndGlobalSection
	GlobalSection(ProjectConfigurationPlatforms) = postSolution
		{09BAEF97-D4AA-4666-A16B-B0154C7855B2}.Debug|Any CPU.ActiveCfg = Debug|Any CPU
		{09BAEF97-D4AA-4666-A16B-B0154C7855B2}.Debug|Any CPU.Build.0 = Debug|Any CPU
		{09BAEF97-D4AA-4666-A16B-B0154C7855B2}.Release|Any CPU.ActiveCfg = Release|Any CPU
		{09BAEF97-D4AA-4666-A16B-B0154C7855B2}.Release|Any CPU.Build.0 = Release|Any CPU
		{8E75A818-FA4B-4425-BDE0-45DAA4EADC48}.Debug|Any CPU.ActiveCfg = Debug|Any CPU
		{8E75A818-FA4B-4425-BDE0-45DAA4EADC48}.Debug|Any CPU.Build.0 = Debug|Any CPU
		{8E75A818-FA4B-4425-BDE0-45DAA4EADC48}.Release|Any CPU.ActiveCfg = Release|Any CPU
		{8E75A818-FA4B-4425-BDE0-45DAA4EADC48}.Release|Any CPU.Build.0 = Release|Any CPU
	EndGlobalSection
EndGlobal
